
Microsoft Visual Studio Solution File, Format Version 12.00
# Visual Studio 15
VisualStudioVersion = 15.0.27004.2010
MinimumVisualStudioVersion = 10.0.40219.1
Project("{F184B08F-C81C-45F6-A57F-5ABD9991F28F}") = "LaCashKassenbuch", "LaCashKassenbuch\LaCashKassenbuch.vbproj", "{756F6F12-08FD-4C4E-8455-4036CE090B36}"
EndProject
Global
	GlobalSection(SolutionConfigurationPlatforms) = preSolution
		Debug|Any CPU = Debug|Any CPU
		Release|Any CPU = Release|Any CPU
	EndGlobalSection
	GlobalSection(ProjectConfigurationPlatforms) = postSolution
		{756F6F12-08FD-4C4E-8455-4036CE090B36}.Debug|Any CPU.ActiveCfg = Debug|Any CPU
		{756F6F12-08FD-4C4E-8455-4036CE090B36}.Debug|Any CPU.Build.0 = Debug|Any CPU
		{756F6F12-08FD-4C4E-8455-4036CE090B36}.Release|Any CPU.ActiveCfg = Release|Any CPU
		{756F6F12-08FD-4C4E-8455-4036CE090B36}.Release|Any CPU.Build.0 = Release|Any CPU
	EndGlobalSection
	GlobalSection(SolutionProperties) = preSolution
		HideSolutionNode = FALSE
	EndGlobalSection
	GlobalSection(ExtensibilityGlobals) = postSolution
		SolutionGuid = {257A7DFD-CE76-467E-834E-3A730BEAB247}
	EndGlobalSection
EndGlobal
